
Microsoft Visual Studio Solution File, Format Version 12.00
Project("{FAE04EC0-301F-11D3-BF4B-00C04F79EFBC}") = "CCP.Api", "CCP.Api\CCP.Api.csproj", "{5A79D164-E24C-4893-8E77-8920BA61D909}"
EndProject
Project("{FAE04EC0-301F-11D3-BF4B-00C04F79EFBC}") = "CCP.Contracts", "CCP.Contracts\CCP.Contracts.csproj", "{0EF2C282-B9E2-4EE3-B3F4-DC931C818872}"
EndProject
Project("{FAE04EC0-301F-11D3-BF4B-00C04F79EFBC}") = "CCP.Data", "CCP.Data\CCP.Data.csproj", "{3296F632-7FC1-4935-89AC-E64B993131F5}"
EndProject
Global
	GlobalSection(SolutionConfigurationPlatforms) = preSolution
		Debug|Any CPU = Debug|Any CPU
		Release|Any CPU = Release|Any CPU
	EndGlobalSection
	GlobalSection(ProjectConfigurationPlatforms) = postSolution
		{5A79D164-E24C-4893-8E77-8920BA61D909}.Debug|Any CPU.ActiveCfg = Debug|Any CPU
		{5A79D164-E24C-4893-8E77-8920BA61D909}.Debug|Any CPU.Build.0 = Debug|Any CPU
		{5A79D164-E24C-4893-8E77-8920BA61D909}.Release|Any CPU.ActiveCfg = Release|Any CPU
		{5A79D164-E24C-4893-8E77-8920BA61D909}.Release|Any CPU.Build.0 = Release|Any CPU
		{0EF2C282-B9E2-4EE3-B3F4-DC931C818872}.Debug|Any CPU.ActiveCfg = Debug|Any CPU
		{0EF2C282-B9E2-4EE3-B3F4-DC931C818872}.Debug|Any CPU.Build.0 = Debug|Any CPU
		{0EF2C282-B9E2-4EE3-B3F4-DC931C818872}.Release|Any CPU.ActiveCfg = Release|Any CPU
		{0EF2C282-B9E2-4EE3-B3F4-DC931C818872}.Release|Any CPU.Build.0 = Release|Any CPU
		{3296F632-7FC1-4935-89AC-E64B993131F5}.Debug|Any CPU.ActiveCfg = Debug|Any CPU
		{3296F632-7FC1-4935-89AC-E64B993131F5}.Debug|Any CPU.Build.0 = Debug|Any CPU
		{3296F632-7FC1-4935-89AC-E64B993131F5}.Release|Any CPU.ActiveCfg = Release|Any CPU
		{3296F632-7FC1-4935-89AC-E64B993131F5}.Release|Any CPU.Build.0 = Release|Any CPU
	EndGlobalSection
EndGlobal
